
Microsoft Visual Studio Solution File, Format Version 12.00
# Visual Studio Version 17
VisualStudioVersion = 17.6.33801.468
MinimumVisualStudioVersion = 10.0.40219.1
Project("{FAE04EC0-301F-11D3-BF4B-00C04F79EFBC}") = "ConsoleAppPIS-vjezba1", "ConsoleAppPIS-vjezba1\ConsoleAppPIS-vjezba1.csproj", "{2D70A7DC-4248-4ABB-92CE-E1B7837635F3}"
EndProject
Global
	GlobalSection(SolutionConfigurationPlatforms) = preSolution
		Debug|Any CPU = Debug|Any CPU
		Release|Any CPU = Release|Any CPU
	EndGlobalSection
	GlobalSection(ProjectConfigurationPlatforms) = postSolution
		{2D70A7DC-4248-4ABB-92CE-E1B7837635F3}.Debug|Any CPU.ActiveCfg = Debug|Any CPU
		{2D70A7DC-4248-4ABB-92CE-E1B7837635F3}.Debug|Any CPU.Build.0 = Debug|Any CPU
		{2D70A7DC-4248-4ABB-92CE-E1B7837635F3}.Release|Any CPU.ActiveCfg = Release|Any CPU
		{2D70A7DC-4248-4ABB-92CE-E1B7837635F3}.Release|Any CPU.Build.0 = Release|Any CPU
	EndGlobalSection
	GlobalSection(SolutionProperties) = preSolution
		HideSolutionNode = FALSE
	EndGlobalSection
	GlobalSection(ExtensibilityGlobals) = postSolution
		SolutionGuid = {99A980B4-866D-4581-8411-C54C705ED30A}
	EndGlobalSection
EndGlobal
